
Microsoft Visual Studio Solution File, Format Version 12.00
# Visual Studio Version 16
VisualStudioVersion = 16.0.29424.173
MinimumVisualStudioVersion = 10.0.40219.1
Project("{FAE04EC0-301F-11D3-BF4B-00C04F79EFBC}") = "UnityMvcDemoCodingFry", "UnityMvcDemoCodingFry\UnityMvcDemoCodingFry.csproj", "{BFFA2574-77F4-45B1-A7B5-0F934C5AA529}"
EndProject
Global
	GlobalSection(SolutionConfigurationPlatforms) = preSolution
		Debug|Any CPU = Debug|Any CPU
		Release|Any CPU = Release|Any CPU
	EndGlobalSection
	GlobalSection(ProjectConfigurationPlatforms) = postSolution
		{BFFA2574-77F4-45B1-A7B5-0F934C5AA529}.Debug|Any CPU.ActiveCfg = Debug|Any CPU
		{BFFA2574-77F4-45B1-A7B5-0F934C5AA529}.Debug|Any CPU.Build.0 = Debug|Any CPU
		{BFFA2574-77F4-45B1-A7B5-0F934C5AA529}.Release|Any CPU.ActiveCfg = Release|Any CPU
		{BFFA2574-77F4-45B1-A7B5-0F934C5AA529}.Release|Any CPU.Build.0 = Release|Any CPU
	EndGlobalSection
	GlobalSection(SolutionProperties) = preSolution
		HideSolutionNode = FALSE
	EndGlobalSection
	GlobalSection(ExtensibilityGlobals) = postSolution
		SolutionGuid = {8BF4E80B-C123-496A-890F-8D527AA394F4}
	EndGlobalSection
EndGlobal
